
Microsoft Visual Studio Solution File, Format Version 12.00
# Visual Studio Version 16
VisualStudioVersion = 16.0.29424.173
MinimumVisualStudioVersion = 10.0.40219.1
Project("{FAE04EC0-301F-11D3-BF4B-00C04F79EFBC}") = "TIWP_APS_NET_FRAMEWORK_CORE", "TIWP_APS_NET_FRAMEWORK_CORE.csproj", "{888041F0-5C62-44D8-9291-9F9189CDA6BD}"
EndProject
Global
	GlobalSection(SolutionConfigurationPlatforms) = preSolution
		Debug|Any CPU = Debug|Any CPU
		Release|Any CPU = Release|Any CPU
	EndGlobalSection
	GlobalSection(ProjectConfigurationPlatforms) = postSolution
		{888041F0-5C62-44D8-9291-9F9189CDA6BD}.Debug|Any CPU.ActiveCfg = Debug|Any CPU
		{888041F0-5C62-44D8-9291-9F9189CDA6BD}.Debug|Any CPU.Build.0 = Debug|Any CPU
		{888041F0-5C62-44D8-9291-9F9189CDA6BD}.Release|Any CPU.ActiveCfg = Release|Any CPU
		{888041F0-5C62-44D8-9291-9F9189CDA6BD}.Release|Any CPU.Build.0 = Release|Any CPU
	EndGlobalSection
	GlobalSection(SolutionProperties) = preSolution
		HideSolutionNode = FALSE
	EndGlobalSection
	GlobalSection(ExtensibilityGlobals) = postSolution
		SolutionGuid = {0F1645C1-FCFC-4AA4-A564-365143FBA3FD}
	EndGlobalSection
EndGlobal
